// !$*UTF8*$!
{
	archiveVersion = 1;
	classes = {
	};
	objectVersion = 46;
	objects = {

/* Begin PBXBuildFile section */
		D0FB0ED119EEFFD5009E0E30 /* AppDelegate.swift in Sources */ = {isa = PBXBuildFile; fileRef = D0FB0ED019EEFFD5009E0E30 /* AppDelegate.swift */; };
		D0FB0ED319EEFFD5009E0E30 /* ViewController.swift in Sources */ = {isa = PBXBuildFile; fileRef = D0FB0ED219EEFFD5009E0E30 /* ViewController.swift */; };
		D0FB0ED619EEFFD5009E0E30 /* Main.storyboard in Resources */ = {isa = PBXBuildFile; fileRef = D0FB0ED419EEFFD5009E0E30 /* Main.storyboard */; };
		D0FB0ED819EEFFD5009E0E30 /* Images.xcassets in Resources */ = {isa = PBXBuildFile; fileRef = D0FB0ED719EEFFD5009E0E30 /* Images.xcassets */; };
		D0FB0EDB19EEFFD5009E0E30 /* LaunchScreen.xib in Resources */ = {isa = PBXBuildFile; fileRef = D0FB0ED919EEFFD5009E0E30 /* LaunchScreen.xib */; };
		D0FB0EE719EEFFD5009E0E30 /* GameOfLifeTests.swift in Sources */ = {isa = PBXBuildFile; fileRef = D0FB0EE619EEFFD5009E0E30 /* GameOfLifeTests.swift */; };
		D0FB0EF119EF00CF009E0E30 /* Colony.swift in Sources */ = {isa = PBXBuildFile; fileRef = D0FB0EF019EF00CF009E0E30 /* Colony.swift */; };
		D0FDB57B1A0FB94D00147D04 /* ColonyView.swift in Sources */ = {isa = PBXBuildFile; fileRef = D0FDB57A1A0FB94D00147D04 /* ColonyView.swift */; };
/* End PBXBuildFile section */

/* Begin PBXContainerItemProxy section */
		D0FB0EE119EEFFD5009E0E30 /* PBXContainerItemProxy */ = {
			isa = PBXContainerItemProxy;
			containerPortal = D0FB0EC319EEFFD5009E0E30 /* Project object */;
			proxyType = 1;
			remoteGlobalIDString = D0FB0ECA19EEFFD5009E0E30;
			remoteInfo = GameOfLife;
		};
/* End PBXContainerItemProxy section */

/* Begin PBXFileReference section */
		D0FB0ECB19EEFFD5009E0E30 /* GameOfLife.app */ = {isa = PBXFileReference; explicitFileType = wrapper.application; includeInIndex = 0; path = GameOfLife.app; sourceTree = BUILT_PRODUCTS_DIR; };
		D0FB0ECF19EEFFD5009E0E30 /* Info.plist */ = {isa = PBXFileReference; lastKnownFileType = text.plist.xml; path = Info.plist; sourceTree = "<group>"; };
		D0FB0ED019EEFFD5009E0E30 /* AppDelegate.swift */ = {isa = PBXFileReference; lastKnownFileType = sourcecode.swift; path = AppDelegate.swift; sourceTree = "<group>"; };
		D0FB0ED219EEFFD5009E0E30 /* ViewController.swift */ = {isa = PBXFileReference; lastKnownFileType = sourcecode.swift; path = ViewController.swift; sourceTree = "<group>"; };
		D0FB0ED519EEFFD5009E0E30 /* Base */ = {isa = PBXFileReference; lastKnownFileType = file.storyboard; name = Base; path = Base.lproj/Main.storyboard; sourceTree = "<group>"; };
		D0FB0ED719EEFFD5009E0E30 /* Images.xcassets */ = {isa = PBXFileReference; lastKnownFileType = folder.assetcatalog; path = Images.xcassets; sourceTree = "<group>"; };
		D0FB0EDA19EEFFD5009E0E30 /* Base */ = {isa = PBXFileReference; lastKnownFileType = file.xib; name = Base; path = Base.lproj/LaunchScreen.xib; sourceTree = "<group>"; };
		D0FB0EE019EEFFD5009E0E30 /* GameOfLifeTests.xctest */ = {isa = PBXFileReference; explicitFileType = wrapper.cfbundle; includeInIndex = 0; path = GameOfLifeTests.xctest; sourceTree = BUILT_PRODUCTS_DIR; };
		D0FB0EE519EEFFD5009E0E30 /* Info.plist */ = {isa = PBXFileReference; lastKnownFileType = text.plist.xml; path = Info.plist; sourceTree = "<group>"; };
		D0FB0EE619EEFFD5009E0E30 /* GameOfLifeTests.swift */ = {isa = PBXFileReference; lastKnownFileType = sourcecode.swift; path = GameOfLifeTests.swift; sourceTree = "<group>"; };
		D0FB0EF019EF00CF009E0E30 /* Colony.swift */ = {isa = PBXFileReference; fileEncoding = 4; lastKnownFileType = sourcecode.swift; path = Colony.swift; sourceTree = "<group>"; };
		D0FDB57A1A0FB94D00147D04 /* ColonyView.swift */ = {isa = PBXFileReference; fileEncoding = 4; lastKnownFileType = sourcecode.swift; path = ColonyView.swift; sourceTree = "<group>"; };
/* End PBXFileReference section */

/* Begin PBXFrameworksBuildPhase section */
		D0FB0EC819EEFFD5009E0E30 /* Frameworks */ = {
			isa = PBXFrameworksBuildPhase;
			buildActionMask = 2147483647;
			files = (
			);
			runOnlyForDeploymentPostprocessing = 0;
		};
		D0FB0EDD19EEFFD5009E0E30 /* Frameworks */ = {
			isa = PBXFrameworksBuildPhase;
			buildActionMask = 2147483647;
			files = (
			);
			runOnlyForDeploymentPostprocessing = 0;
		};
/* End PBXFrameworksBuildPhase section */

/* Begin PBXGroup section */
		D0FB0EC219EEFFD5009E0E30 = {
			isa = PBXGroup;
			children = (
				D0FDB57A1A0FB94D00147D04 /* ColonyView.swift */,
				D0FB0ECD19EEFFD5009E0E30 /* GameOfLife */,
				D0FB0EE319EEFFD5009E0E30 /* GameOfLifeTests */,
				D0FB0ECC19EEFFD5009E0E30 /* Products */,
			);
			sourceTree = "<group>";
		};
		D0FB0ECC19EEFFD5009E0E30 /* Products */ = {
			isa = PBXGroup;
			children = (
				D0FB0ECB19EEFFD5009E0E30 /* GameOfLife.app */,
				D0FB0EE019EEFFD5009E0E30 /* GameOfLifeTests.xctest */,
			);
			name = Products;
			sourceTree = "<group>";
		};
		D0FB0ECD19EEFFD5009E0E30 /* GameOfLife */ = {
			isa = PBXGroup;
			children = (
				D0FB0ED019EEFFD5009E0E30 /* AppDelegate.swift */,
				D0FB0ED219EEFFD5009E0E30 /* ViewController.swift */,
				D0FB0ED419EEFFD5009E0E30 /* Main.storyboard */,
				D0FB0ED719EEFFD5009E0E30 /* Images.xcassets */,
				D0FB0ED919EEFFD5009E0E30 /* LaunchScreen.xib */,
				D0FB0ECE19EEFFD5009E0E30 /* Supporting Files */,
				D0FB0EF019EF00CF009E0E30 /* Colony.swift */,
			);
			path = GameOfLife;
			sourceTree = "<group>";
		};
		D0FB0ECE19EEFFD5009E0E30 /* Supporting Files */ = {
			isa = PBXGroup;
			children = (
				D0FB0ECF19EEFFD5009E0E30 /* Info.plist */,
			);
			name = "Supporting Files";
			sourceTree = "<group>";
		};
		D0FB0EE319EEFFD5009E0E30 /* GameOfLifeTests */ = {
			isa = PBXGroup;
			children = (
				D0FB0EE619EEFFD5009E0E30 /* GameOfLifeTests.swift */,
				D0FB0EE419EEFFD5009E0E30 /* Supporting Files */,
			);
			path = GameOfLifeTests;
			sourceTree = "<group>";
		};
		D0FB0EE419EEFFD5009E0E30 /* Supporting Files */ = {
			isa = PBXGroup;
			children = (
				D0FB0EE519EEFFD5009E0E30 /* Info.plist */,
			);
			name = "Supporting Files";
			sourceTree = "<group>";
		};
/* End PBXGroup section */

/* Begin PBXNativeTarget section */
		D0FB0ECA19EEFFD5009E0E30 /* GameOfLife */ = {
			isa = PBXNativeTarget;
			buildConfigurationList = D0FB0EEA19EEFFD5009E0E30 /* Build configuration list for PBXNativeTarget "GameOfLife" */;
			buildPhases = (
				D0FB0EC719EEFFD5009E0E30 /* Sources */,
				D0FB0EC819EEFFD5009E0E30 /* Frameworks */,
				D0FB0EC919EEFFD5009E0E30 /* Resources */,
			);
			buildRules = (
			);
			dependencies = (
			);
			name = GameOfLife;
			productName = GameOfLife;
			productReference = D0FB0ECB19EEFFD5009E0E30 /* GameOfLife.app */;
			productType = "com.apple.product-type.application";
		};
		D0FB0EDF19EEFFD5009E0E30 /* GameOfLifeTests */ = {
			isa = PBXNativeTarget;
			buildConfigurationList = D0FB0EED19EEFFD5009E0E30 /* Build configuration list for PBXNativeTarget "GameOfLifeTests" */;
			buildPhases = (
				D0FB0EDC19EEFFD5009E0E30 /* Sources */,
				D0FB0EDD19EEFFD5009E0E30 /* Frameworks */,
				D0FB0EDE19EEFFD5009E0E30 /* Resources */,
			);
			buildRules = (
			);
			dependencies = (
				D0FB0EE219EEFFD5009E0E30 /* PBXTargetDependency */,
			);
			name = GameOfLifeTests;
			productName = GameOfLifeTests;
			productReference = D0FB0EE019EEFFD5009E0E30 /* GameOfLifeTests.xctest */;
			productType = "com.apple.product-type.bundle.unit-test";
		};
/* End PBXNativeTarget section */

/* Begin PBXProject section */
		D0FB0EC319EEFFD5009E0E30 /* Project object */ = {
			isa = PBXProject;
			attributes = {
				LastUpgradeCheck = 0600;
				ORGANIZATIONNAME = "Itamar Levy-Or";
				TargetAttributes = {
					D0FB0ECA19EEFFD5009E0E30 = {
						CreatedOnToolsVersion = 6.0;
					};
					D0FB0EDF19EEFFD5009E0E30 = {
						CreatedOnToolsVersion = 6.0;
						TestTargetID = D0FB0ECA19EEFFD5009E0E30;
					};
				};
			};
			buildConfigurationList = D0FB0EC619EEFFD5009E0E30 /* Build configuration list for PBXProject "GameOfLife" */;
			compatibilityVersion = "Xcode 3.2";
			developmentRegion = English;
			hasScannedForEncodings = 0;
			knownRegions = (
				en,
				Base,
			);
			mainGroup = D0FB0EC219EEFFD5009E0E30;
			productRefGroup = D0FB0ECC19EEFFD5009E0E30 /* Products */;
			projectDirPath = "";
			projectRoot = "";
			targets = (
				D0FB0ECA19EEFFD5009E0E30 /* GameOfLife */,
				D0FB0EDF19EEFFD5009E0E30 /* GameOfLifeTests */,
			);
		};
/* End PBXProject section */

/* Begin PBXResourcesBuildPhase section */
		D0FB0EC919EEFFD5009E0E30 /* Resources */ = {
			isa = PBXResourcesBuildPhase;
			buildActionMask = 2147483647;
			files = (
				D0FB0ED619EEFFD5009E0E30 /* Main.storyboard in Resources */,
				D0FB0EDB19EEFFD5009E0E30 /* LaunchScreen.xib in Resources */,
				D0FB0ED819EEFFD5009E0E30 /* Images.xcassets in Resources */,
			);
			runOnlyForDeploymentPostprocessing = 0;
		};
		D0FB0EDE19EEFFD5009E0E30 /* Resources */ = {
			isa = PBXResourcesBuildPhase;
			buildActionMask = 2147483647;
			files = (
			);
			runOnlyForDeploymentPostprocessing = 0;
		};
/* End PBXResourcesBuildPhase section */

/* Begin PBXSourcesBuildPhase section */
		D0FB0EC719EEFFD5009E0E30 /* Sources */ = {
			isa = PBXSourcesBuildPhase;
			buildActionMask = 2147483647;
			files = (
				D0FB0ED319EEFFD5009E0E30 /* ViewController.swift in Sources */,
				D0FB0ED119EEFFD5009E0E30 /* AppDelegate.swift in Sources */,
				D0FDB57B1A0FB94D00147D04 /* ColonyView.swift in Sources */,
				D0FB0EF119EF00CF009E0E30 /* Colony.swift in Sources */,
			);
			runOnlyForDeploymentPostprocessing = 0;
		};
		D0FB0EDC19EEFFD5009E0E30 /* Sources */ = {
			isa = PBXSourcesBuildPhase;
			buildActionMask = 2147483647;
			files = (
				D0FB0EE719EEFFD5009E0E30 /* GameOfLifeTests.swift in Sources */,
			);
			runOnlyForDeploymentPostprocessing = 0;
		};
/* End PBXSourcesBuildPhase section */

/* Begin PBXTargetDependency section */
		D0FB0EE219EEFFD5009E0E30 /* PBXTargetDependency */ = {
			isa = PBXTargetDependency;
			target = D0FB0ECA19EEFFD5009E0E30 /* GameOfLife */;
			targetProxy = D0FB0EE119EEFFD5009E0E30 /* PBXContainerItemProxy */;
		};
/* End PBXTargetDependency section */

/* Begin PBXVariantGroup section */
		D0FB0ED419EEFFD5009E0E30 /* Main.storyboard */ = {
			isa = PBXVariantGroup;
			children = (
				D0FB0ED519EEFFD5009E0E30 /* Base */,
			);
			name = Main.storyboard;
			sourceTree = "<group>";
		};
		D0FB0ED919EEFFD5009E0E30 /* LaunchScreen.xib */ = {
			isa = PBXVariantGroup;
			children = (
				D0FB0EDA19EEFFD5009E0E30 /* Base */,
			);
			name = LaunchScreen.xib;
			sourceTree = "<group>";
		};
/* End PBXVariantGroup section */

/* Begin XCBuildConfiguration section */
		D0FB0EE819EEFFD5009E0E30 /* Debug */ = {
			isa = XCBuildConfiguration;
			buildSettings = {
				ALWAYS_SEARCH_USER_PATHS = NO;
				CLANG_CXX_LANGUAGE_STANDARD = "gnu++0x";
				CLANG_CXX_LIBRARY = "libc++";
				CLANG_ENABLE_MODULES = YES;
				CLANG_ENABLE_OBJC_ARC = YES;
				CLANG_WARN_BOOL_CONVERSION = YES;
				CLANG_WARN_CONSTANT_CONVERSION = YES;
				CLANG_WARN_DIRECT_OBJC_ISA_USAGE = YES_ERROR;
				CLANG_WARN_EMPTY_BODY = YES;
				CLANG_WARN_ENUM_CONVERSION = YES;
				CLANG_WARN_INT_CONVERSION = YES;
				CLANG_WARN_OBJC_ROOT_CLASS = YES_ERROR;
				CLANG_WARN_UNREACHABLE_CODE = YES;
				CLANG_WARN__DUPLICATE_METHOD_MATCH = YES;
				"CODE_SIGN_IDENTITY[sdk=iphoneos*]" = "iPhone Developer";
				COPY_PHASE_STRIP = NO;
				ENABLE_STRICT_OBJC_MSGSEND = YES;
				GCC_C_LANGUAGE_STANDARD = gnu99;
				GCC_DYNAMIC_NO_PIC = NO;
				GCC_OPTIMIZATION_LEVEL = 0;
				GCC_PREPROCESSOR_DEFINITIONS = (
					"DEBUG=1",
					"$(inherited)",
				);
				GCC_SYMBOLS_PRIVATE_EXTERN = NO;
				GCC_WARN_64_TO_32_BIT_CONVERSION = YES;
				GCC_WARN_ABOUT_RETURN_TYPE = YES_ERROR;
				GCC_WARN_UNDECLARED_SELECTOR = YES;
				GCC_WARN_UNINITIALIZED_AUTOS = YES_AGGRESSIVE;
				GCC_WARN_UNUSED_FUNCTION = YES;
				GCC_WARN_UNUSED_VARIABLE = YES;
				IPHONEOS_DEPLOYMENT_TARGET = 8.0;
				MTL_ENABLE_DEBUG_INFO = YES;
				ONLY_ACTIVE_ARCH = YES;
				SDKROOT = iphoneos;
				SWIFT_OPTIMIZATION_LEVEL = "-Onone";
			};
			name = Debug;
		};
		D0FB0EE919EEFFD5009E0E30 /* Release */ = {
			isa = XCBuildConfiguration;
			buildSettings = {
				ALWAYS_SEARCH_USER_PATHS = NO;
				CLANG_CXX_LANGUAGE_STANDARD = "gnu++0x";
				CLANG_CXX_LIBRARY = "libc++";
				CLANG_ENABLE_MODULES = YES;
				CLANG_ENABLE_OBJC_ARC = YES;
				CLANG_WARN_BOOL_CONVERSION = YES;
				CLANG_WARN_CONSTANT_CONVERSION = YES;
				CLANG_WARN_DIRECT_OBJC_ISA_USAGE = YES_ERROR;
				CLANG_WARN_EMPTY_BODY = YES;
				CLANG_WARN_ENUM_CONVERSION = YES;
				CLANG_WARN_INT_CONVERSION = YES;
				CLANG_WARN_OBJC_ROOT_CLASS = YES_ERROR;
				CLANG_WARN_UNREACHABLE_CODE = YES;
				CLANG_WARN__DUPLICATE_METHOD_MATCH = YES;
				"CODE_SIGN_IDENTITY[sdk=iphoneos*]" = "iPhone Developer";
				COPY_PHASE_STRIP = YES;
				ENABLE_NS_ASSERTIONS = NO;
				ENABLE_STRICT_OBJC_MSGSEND = YES;
				GCC_C_LANGUAGE_STANDARD = gnu99;
				GCC_WARN_64_TO_32_BIT_CONVERSION = YES;
				GCC_WARN_ABOUT_RETURN_TYPE = YES_ERROR;
				GCC_WARN_UNDECLARED_SELECTOR = YES;
				GCC_WARN_UNINITIALIZED_AUTOS = YES_AGGRESSIVE;
				GCC_WARN_UNUSED_FUNCTION = YES;
				GCC_WARN_UNUSED_VARIABLE = YES;
				IPHONEOS_DEPLOYMENT_TARGET = 8.0;
				MTL_ENABLE_DEBUG_INFO = NO;
				SDKROOT = iphoneos;
				VALIDATE_PRODUCT = YES;
			};
			name = Release;
		};
		D0FB0EEB19EEFFD5009E0E30 /* Debug */ = {
			isa = XCBuildConfiguration;
			buildSettings = {
				ASSETCATALOG_COMPILER_APPICON_NAME = AppIcon;
				INFOPLIST_FILE = GameOfLife/Info.plist;
				LD_RUNPATH_SEARCH_PATHS = "$(inherited) @executable_path/Frameworks";
				PRODUCT_NAME = "$(TARGET_NAME)";
				SWIFT_OPTIMIZATION_LEVEL = "-Ounchecked";
			};
			name = Debug;
		};
		D0FB0EEC19EEFFD5009E0E30 /* Release */ = {
			isa = XCBuildConfiguration;
			buildSettings = {
				ASSETCATALOG_COMPILER_APPICON_NAME = AppIcon;
				INFOPLIST_FILE = GameOfLife/Info.plist;
				LD_RUNPATH_SEARCH_PATHS = "$(inherited) @executable_path/Frameworks";
				PRODUCT_NAME = "$(TARGET_NAME)";
				SWIFT_OPTIMIZATION_LEVEL = "-Ounchecked";
			};
			name = Release;
		};
		D0FB0EEE19EEFFD5009E0E30 /* Debug */ = {
			isa = XCBuildConfiguration;
			buildSettings = {
				BUNDLE_LOADER = "$(TEST_HOST)";
				FRAMEWORK_SEARCH_PATHS = (
					"$(SDKROOT)/Developer/Library/Frameworks",
					"$(inherited)",
				);
				GCC_PREPROCESSOR_DEFINITIONS = (
					"DEBUG=1",
					"$(inherited)",
				);
				INFOPLIST_FILE = GameOfLifeTests/Info.plist;
				LD_RUNPATH_SEARCH_PATHS = "$(inherited) @executable_path/Frameworks @loader_path/Frameworks";
				PRODUCT_NAME = "$(TARGET_NAME)";
				TEST_HOST = "$(BUILT_PRODUCTS_DIR)/GameOfLife.app/GameOfLife";
			};
			name = Debug;
		};
		D0FB0EEF19EEFFD5009E0E30 /* Release */ = {
			isa = XCBuildConfiguration;
			buildSettings = {
				BUNDLE_LOADER = "$(TEST_HOST)";
				FRAMEWORK_SEARCH_PATHS = (
					"$(SDKROOT)/Developer/Library/Frameworks",
					"$(inherited)",
				);
				INFOPLIST_FILE = GameOfLifeTests/Info.plist;
				LD_RUNPATH_SEARCH_PATHS = "$(inherited) @executable_path/Frameworks @loader_path/Frameworks";
				PRODUCT_NAME = "$(TARGET_NAME)";
				TEST_HOST = "$(BUILT_PRODUCTS_DIR)/GameOfLife.app/GameOfLife";
			};
			name = Release;
		};
/* End XCBuildConfiguration section */

/* Begin XCConfigurationList section */
		D0FB0EC619EEFFD5009E0E30 /* Build configuration list for PBXProject "GameOfLife" */ = {
			isa = XCConfigurationList;
			buildConfigurations = (
				D0FB0EE819EEFFD5009E0E30 /* Debug */,
				D0FB0EE919EEFFD5009E0E30 /* Release */,
			);
			defaultConfigurationIsVisible = 0;
			defaultConfigurationName = Release;
		};
		D0FB0EEA19EEFFD5009E0E30 /* Build configuration list for PBXNativeTarget "GameOfLife" */ = {
			isa = XCConfigurationList;
			buildConfigurations = (
				D0FB0EEB19EEFFD5009E0E30 /* Debug */,
				D0FB0EEC19EEFFD5009E0E30 /* Release */,
			);
			defaultConfigurationIsVisible = 0;
			defaultConfigurationName = Release;
		};
		D0FB0EED19EEFFD5009E0E30 /* Build configuration list for PBXNativeTarget "GameOfLifeTests" */ = {
			isa = XCConfigurationList;
			buildConfigurations = (
				D0FB0EEE19EEFFD5009E0E30 /* Debug */,
				D0FB0EEF19EEFFD5009E0E30 /* Release */,
			);
			defaultConfigurationIsVisible = 0;
			defaultConfigurationName = Release;
		};
/* End XCConfigurationList section */
	};
	rootObject = D0FB0EC319EEFFD5009E0E30 /* Project object */;
}
